
Microsoft Visual Studio Solution File, Format Version 12.00
# Visual Studio 15
VisualStudioVersion = 15.0.27004.2002
MinimumVisualStudioVersion = 10.0.40219.1
Project("{FAE04EC0-301F-11D3-BF4B-00C04F79EFBC}") = "IOT_Sensors", "IOT_Sensors\IOT_Sensors.csproj", "{8A3DEF73-A261-4FDC-8995-857297B2ECF2}"
EndProject
Global
	GlobalSection(SolutionConfigurationPlatforms) = preSolution
		Debug|Any CPU = Debug|Any CPU
		Release|Any CPU = Release|Any CPU
	EndGlobalSection
	GlobalSection(ProjectConfigurationPlatforms) = postSolution
		{8A3DEF73-A261-4FDC-8995-857297B2ECF2}.Debug|Any CPU.ActiveCfg = Debug|Any CPU
		{8A3DEF73-A261-4FDC-8995-857297B2ECF2}.Debug|Any CPU.Build.0 = Debug|Any CPU
		{8A3DEF73-A261-4FDC-8995-857297B2ECF2}.Release|Any CPU.ActiveCfg = Release|Any CPU
		{8A3DEF73-A261-4FDC-8995-857297B2ECF2}.Release|Any CPU.Build.0 = Release|Any CPU
	EndGlobalSection
	GlobalSection(SolutionProperties) = preSolution
		HideSolutionNode = FALSE
	EndGlobalSection
	GlobalSection(ExtensibilityGlobals) = postSolution
		SolutionGuid = {C7E27276-D264-4B2E-B9BA-45F0992829B9}
	EndGlobalSection
EndGlobal
